
Microsoft Visual Studio Solution File, Format Version 12.00
# Visual Studio Version 17
VisualStudioVersion = 17.4.33403.182
MinimumVisualStudioVersion = 10.0.40219.1
Project("{9A19103F-16F7-4668-BE54-9A1E7A4F7556}") = "Lesson1", "Lesson1\Lesson1.csproj", "{875193F6-44F5-469C-9518-7A7F6C698056}"
EndProject
Project("{9A19103F-16F7-4668-BE54-9A1E7A4F7556}") = "Lesson2", "Lesson2\Lesson2.csproj", "{F9B6487E-3E38-4F6F-98EC-2E0F726D2142}"
EndProject
Project("{9A19103F-16F7-4668-BE54-9A1E7A4F7556}") = "Lesson3", "Lesson3\Lesson3.csproj", "{90442471-517D-48C4-97DC-5353D92F8CA8}"
EndProject
Project("{9A19103F-16F7-4668-BE54-9A1E7A4F7556}") = "Lesson4", "Lesson4\Lesson4.csproj", "{A7818F1B-7022-4A7D-A486-F4E1A77EAB4D}"
EndProject
Project("{9A19103F-16F7-4668-BE54-9A1E7A4F7556}") = "Lesson5", "Lesson5\Lesson5.csproj", "{8741C0D6-F32F-458B-8B95-2984B712F081}"
EndProject
Project("{9A19103F-16F7-4668-BE54-9A1E7A4F7556}") = "Lesson6", "Lessons6\Lesson6.csproj", "{A18EAB32-D35B-463F-AFE6-49407FB28C84}"
EndProject
Project("{FAE04EC0-301F-11D3-BF4B-00C04F79EFBC}") = "Lesson7", "Lesson7\Lesson7.csproj", "{121E7785-93F9-4A6D-8075-0A30F8C349DF}"
EndProject
Global
	GlobalSection(SolutionConfigurationPlatforms) = preSolution
		Debug|Any CPU = Debug|Any CPU
		Release|Any CPU = Release|Any CPU
	EndGlobalSection
	GlobalSection(ProjectConfigurationPlatforms) = postSolution
		{875193F6-44F5-469C-9518-7A7F6C698056}.Debug|Any CPU.ActiveCfg = Debug|Any CPU
		{875193F6-44F5-469C-9518-7A7F6C698056}.Debug|Any CPU.Build.0 = Debug|Any CPU
		{875193F6-44F5-469C-9518-7A7F6C698056}.Release|Any CPU.ActiveCfg = Release|Any CPU
		{875193F6-44F5-469C-9518-7A7F6C698056}.Release|Any CPU.Build.0 = Release|Any CPU
		{F9B6487E-3E38-4F6F-98EC-2E0F726D2142}.Debug|Any CPU.ActiveCfg = Debug|Any CPU
		{F9B6487E-3E38-4F6F-98EC-2E0F726D2142}.Debug|Any CPU.Build.0 = Debug|Any CPU
		{F9B6487E-3E38-4F6F-98EC-2E0F726D2142}.Release|Any CPU.ActiveCfg = Release|Any CPU
		{F9B6487E-3E38-4F6F-98EC-2E0F726D2142}.Release|Any CPU.Build.0 = Release|Any CPU
		{90442471-517D-48C4-97DC-5353D92F8CA8}.Debug|Any CPU.ActiveCfg = Debug|Any CPU
		{90442471-517D-48C4-97DC-5353D92F8CA8}.Debug|Any CPU.Build.0 = Debug|Any CPU
		{90442471-517D-48C4-97DC-5353D92F8CA8}.Release|Any CPU.ActiveCfg = Release|Any CPU
		{90442471-517D-48C4-97DC-5353D92F8CA8}.Release|Any CPU.Build.0 = Release|Any CPU
		{A7818F1B-7022-4A7D-A486-F4E1A77EAB4D}.Debug|Any CPU.ActiveCfg = Debug|Any CPU
		{A7818F1B-7022-4A7D-A486-F4E1A77EAB4D}.Debug|Any CPU.Build.0 = Debug|Any CPU
		{A7818F1B-7022-4A7D-A486-F4E1A77EAB4D}.Release|Any CPU.ActiveCfg = Release|Any CPU
		{A7818F1B-7022-4A7D-A486-F4E1A77EAB4D}.Release|Any CPU.Build.0 = Release|Any CPU
		{8741C0D6-F32F-458B-8B95-2984B712F081}.Debug|Any CPU.ActiveCfg = Debug|Any CPU
		{8741C0D6-F32F-458B-8B95-2984B712F081}.Debug|Any CPU.Build.0 = Debug|Any CPU
		{8741C0D6-F32F-458B-8B95-2984B712F081}.Release|Any CPU.ActiveCfg = Release|Any CPU
		{8741C0D6-F32F-458B-8B95-2984B712F081}.Release|Any CPU.Build.0 = Release|Any CPU
		{A18EAB32-D35B-463F-AFE6-49407FB28C84}.Debug|Any CPU.ActiveCfg = Debug|Any CPU
		{A18EAB32-D35B-463F-AFE6-49407FB28C84}.Debug|Any CPU.Build.0 = Debug|Any CPU
		{A18EAB32-D35B-463F-AFE6-49407FB28C84}.Release|Any CPU.ActiveCfg = Release|Any CPU
		{A18EAB32-D35B-463F-AFE6-49407FB28C84}.Release|Any CPU.Build.0 = Release|Any CPU
		{121E7785-93F9-4A6D-8075-0A30F8C349DF}.Debug|Any CPU.ActiveCfg = Debug|Any CPU
		{121E7785-93F9-4A6D-8075-0A30F8C349DF}.Debug|Any CPU.Build.0 = Debug|Any CPU
		{121E7785-93F9-4A6D-8075-0A30F8C349DF}.Release|Any CPU.ActiveCfg = Release|Any CPU
		{121E7785-93F9-4A6D-8075-0A30F8C349DF}.Release|Any CPU.Build.0 = Release|Any CPU
	EndGlobalSection
	GlobalSection(SolutionProperties) = preSolution
		HideSolutionNode = FALSE
	EndGlobalSection
	GlobalSection(ExtensibilityGlobals) = postSolution
		SolutionGuid = {604638EC-39B0-4EC8-BE95-9DED7A5C1C68}
	EndGlobalSection
EndGlobal
